lockfileVersion: '9.0'

settings:
  autoInstallPeers: true
  excludeLinksFromLockfile: false

importers:

  .:
    dependencies:
      '@msgpack/msgpack':
        specifier: 3.0.0-beta2
        version: 3.0.0-beta2
      uuidv7:
        specifier: ^1.0.1
        version: 1.0.1

packages:

  '@msgpack/msgpack@3.0.0-beta2':
    resolution: {integrity: sha512-y+l1PNV0XDyY8sM3YtuMLK5vE3/hkfId+Do8pLo/OPxfxuFAUwcGz3oiiUuV46/aBpwTzZ+mRWVMtlSKbradhw==}
    engines: {node: '>= 14'}

  uuidv7@1.0.1:
    resolution: {integrity: sha512-2noB909GbI352dKfASOY6VHHl59KvevZ1FF8gCAXCwDyrt2kkZhuFbczF9udqTfeejiRYEmO4wzUZ0WhVP+IUA==}
    hasBin: true

snapshots:

  '@msgpack/msgpack@3.0.0-beta2': {}

  uuidv7@1.0.1: {}
